
Microsoft Visual Studio Solution File, Format Version 12.00
# Visual Studio Version 16
VisualStudioVersion = 16.0.31112.23
MinimumVisualStudioVersion = 10.0.40219.1
Project("{FAE04EC0-301F-11D3-BF4B-00C04F79EFBC}") = "vacc", "vacc.csproj", "{923F8051-15FB-494F-8C65-64CAA36D7817}"
EndProject
Global
	GlobalSection(SolutionConfigurationPlatforms) = preSolution
		Debug|Any CPU = Debug|Any CPU
		Release|Any CPU = Release|Any CPU
	EndGlobalSection
	GlobalSection(ProjectConfigurationPlatforms) = postSolution
		{923F8051-15FB-494F-8C65-64CAA36D7817}.Debug|Any CPU.ActiveCfg = Debug|Any CPU
		{923F8051-15FB-494F-8C65-64CAA36D7817}.Debug|Any CPU.Build.0 = Debug|Any CPU
		{923F8051-15FB-494F-8C65-64CAA36D7817}.Release|Any CPU.ActiveCfg = Release|Any CPU
		{923F8051-15FB-494F-8C65-64CAA36D7817}.Release|Any CPU.Build.0 = Release|Any CPU
	EndGlobalSection
	GlobalSection(SolutionProperties) = preSolution
		HideSolutionNode = FALSE
	EndGlobalSection
	GlobalSection(ExtensibilityGlobals) = postSolution
		SolutionGuid = {3BC188CD-CA20-440C-AD72-77FF6E83D566}
	EndGlobalSection
EndGlobal
